
Microsoft Visual Studio Solution File, Format Version 12.00
# Visual Studio 15
VisualStudioVersion = 15.0.28307.705
MinimumVisualStudioVersion = 10.0.40219.1
Project("{9A19103F-16F7-4668-BE54-9A1E7A4F7556}") = "PaymentAPI", "PaymentAPI\PaymentAPI.csproj", "{7BC92D79-8742-4941-898C-68F886E86BDB}"
EndProject
Global
	GlobalSection(SolutionConfigurationPlatforms) = preSolution
		Debug|Any CPU = Debug|Any CPU
		Release|Any CPU = Release|Any CPU
	EndGlobalSection
	GlobalSection(ProjectConfigurationPlatforms) = postSolution
		{7BC92D79-8742-4941-898C-68F886E86BDB}.Debug|Any CPU.ActiveCfg = Debug|Any CPU
		{7BC92D79-8742-4941-898C-68F886E86BDB}.Debug|Any CPU.Build.0 = Debug|Any CPU
		{7BC92D79-8742-4941-898C-68F886E86BDB}.Release|Any CPU.ActiveCfg = Release|Any CPU
		{7BC92D79-8742-4941-898C-68F886E86BDB}.Release|Any CPU.Build.0 = Release|Any CPU
	EndGlobalSection
	GlobalSection(SolutionProperties) = preSolution
		HideSolutionNode = FALSE
	EndGlobalSection
	GlobalSection(ExtensibilityGlobals) = postSolution
		SolutionGuid = {2D5E8041-01A2-4C45-A18F-754664EC83EA}
	EndGlobalSection
EndGlobal
